
Microsoft Visual Studio Solution File, Format Version 12.00
# Visual Studio 14
VisualStudioVersion = 14.0.24720.0
MinimumVisualStudioVersion = 10.0.40219.1
Project("{2150E333-8FDC-42A3-9474-1A3956D46DE8}") = "TestSuite", "TestSuite", "{FF68DA7A-3452-4AEE-896F-D0DD4D040981}"
EndProject
Project("{FAE04EC0-301F-11D3-BF4B-00C04F79EFBC}") = "TestSuite", "TestSuite\TestSuite.csproj", "{B3A81FC0-2E59-4CC2-B5E7-4722503D8F76}"
EndProject
Project("{2150E333-8FDC-42A3-9474-1A3956D46DE8}") = "Beispiele", "Beispiele", "{C53C1D69-DC0C-44F0-85DA-BB150DB4AB8F}"
EndProject
Project("{2150E333-8FDC-42A3-9474-1A3956D46DE8}") = "Lektionen", "Lektionen", "{E6C1F57B-5F19-4B02-8BA4-B2D647BA8985}"
EndProject
Project("{2150E333-8FDC-42A3-9474-1A3956D46DE8}") = "Tests", "Tests", "{CAD8FFC0-9559-4850-9357-6A1C02CF0B29}"
EndProject
Project("{FAE04EC0-301F-11D3-BF4B-00C04F79EFBC}") = "UT1", "UT1\UT1.csproj", "{4EF04161-4B7E-4B48-8D20-D142D5FB9561}"
EndProject
Project("{FAE04EC0-301F-11D3-BF4B-00C04F79EFBC}") = "KonsolenAnwendung", "KonsolenAnwendung\KonsolenAnwendung.csproj", "{0B266D37-E74E-4AE5-86EA-41A5166ACC46}"
EndProject
Project("{FAE04EC0-301F-11D3-BF4B-00C04F79EFBC}") = "BSP1", "BSP1\BSP1.csproj", "{BCA66EB4-C8A3-41A1-AFC3-F9FC9D40D850}"
EndProject
Project("{FAE04EC0-301F-11D3-BF4B-00C04F79EFBC}") = "BSP2", "BSP2\BSP2.csproj", "{6D5EB2F0-1120-4AF0-A870-7E64E49D8F90}"
EndProject
Global
	GlobalSection(SolutionConfigurationPlatforms) = preSolution
		Debug|Any CPU = Debug|Any CPU
		Release|Any CPU = Release|Any CPU
	EndGlobalSection
	GlobalSection(ProjectConfigurationPlatforms) = postSolution
		{B3A81FC0-2E59-4CC2-B5E7-4722503D8F76}.Debug|Any CPU.ActiveCfg = Debug|Any CPU
		{B3A81FC0-2E59-4CC2-B5E7-4722503D8F76}.Debug|Any CPU.Build.0 = Debug|Any CPU
		{B3A81FC0-2E59-4CC2-B5E7-4722503D8F76}.Release|Any CPU.ActiveCfg = Release|Any CPU
		{B3A81FC0-2E59-4CC2-B5E7-4722503D8F76}.Release|Any CPU.Build.0 = Release|Any CPU
		{4EF04161-4B7E-4B48-8D20-D142D5FB9561}.Debug|Any CPU.ActiveCfg = Debug|Any CPU
		{4EF04161-4B7E-4B48-8D20-D142D5FB9561}.Debug|Any CPU.Build.0 = Debug|Any CPU
		{4EF04161-4B7E-4B48-8D20-D142D5FB9561}.Release|Any CPU.ActiveCfg = Release|Any CPU
		{4EF04161-4B7E-4B48-8D20-D142D5FB9561}.Release|Any CPU.Build.0 = Release|Any CPU
		{0B266D37-E74E-4AE5-86EA-41A5166ACC46}.Debug|Any CPU.ActiveCfg = Debug|Any CPU
		{0B266D37-E74E-4AE5-86EA-41A5166ACC46}.Debug|Any CPU.Build.0 = Debug|Any CPU
		{0B266D37-E74E-4AE5-86EA-41A5166ACC46}.Release|Any CPU.ActiveCfg = Release|Any CPU
		{0B266D37-E74E-4AE5-86EA-41A5166ACC46}.Release|Any CPU.Build.0 = Release|Any CPU
		{BCA66EB4-C8A3-41A1-AFC3-F9FC9D40D850}.Debug|Any CPU.ActiveCfg = Debug|Any CPU
		{BCA66EB4-C8A3-41A1-AFC3-F9FC9D40D850}.Debug|Any CPU.Build.0 = Debug|Any CPU
		{BCA66EB4-C8A3-41A1-AFC3-F9FC9D40D850}.Release|Any CPU.ActiveCfg = Release|Any CPU
		{BCA66EB4-C8A3-41A1-AFC3-F9FC9D40D850}.Release|Any CPU.Build.0 = Release|Any CPU
		{6D5EB2F0-1120-4AF0-A870-7E64E49D8F90}.Debug|Any CPU.ActiveCfg = Debug|Any CPU
		{6D5EB2F0-1120-4AF0-A870-7E64E49D8F90}.Debug|Any CPU.Build.0 = Debug|Any CPU
		{6D5EB2F0-1120-4AF0-A870-7E64E49D8F90}.Release|Any CPU.ActiveCfg = Release|Any CPU
		{6D5EB2F0-1120-4AF0-A870-7E64E49D8F90}.Release|Any CPU.Build.0 = Release|Any CPU
	EndGlobalSection
	GlobalSection(SolutionProperties) = preSolution
		HideSolutionNode = FALSE
	EndGlobalSection
	GlobalSection(NestedProjects) = preSolution
		{B3A81FC0-2E59-4CC2-B5E7-4722503D8F76} = {FF68DA7A-3452-4AEE-896F-D0DD4D040981}
		{4EF04161-4B7E-4B48-8D20-D142D5FB9561} = {CAD8FFC0-9559-4850-9357-6A1C02CF0B29}
		{0B266D37-E74E-4AE5-86EA-41A5166ACC46} = {E6C1F57B-5F19-4B02-8BA4-B2D647BA8985}
		{BCA66EB4-C8A3-41A1-AFC3-F9FC9D40D850} = {C53C1D69-DC0C-44F0-85DA-BB150DB4AB8F}
		{6D5EB2F0-1120-4AF0-A870-7E64E49D8F90} = {C53C1D69-DC0C-44F0-85DA-BB150DB4AB8F}
	EndGlobalSection
EndGlobal
