
Microsoft Visual Studio Solution File, Format Version 12.00
# Visual Studio 14
VisualStudioVersion = 14.0.23107.0
MinimumVisualStudioVersion = 10.0.40219.1
Project("{2150E333-8FDC-42A3-9474-1A3956D46DE8}") = "Beispiele", "Beispiele", "{B42AE440-E184-410C-946A-97B0A436C7D8}"
EndProject
Project("{2150E333-8FDC-42A3-9474-1A3956D46DE8}") = "Lektionen", "Lektionen", "{862EDB32-D50E-46D5-9C77-014686C9B5AA}"
EndProject
Project("{2150E333-8FDC-42A3-9474-1A3956D46DE8}") = "Tests", "Tests", "{6417BD56-8346-407D-BEB0-8EAC0BBCD1BA}"
EndProject
Project("{2150E333-8FDC-42A3-9474-1A3956D46DE8}") = "TestSuite", "TestSuite", "{DEE3E08F-B1CF-494F-ACCE-3942EAF7BDE3}"
EndProject
Project("{FAE04EC0-301F-11D3-BF4B-00C04F79EFBC}") = "TestSuite", "TestSuite\TestSuite.csproj", "{B3A81FC0-2E59-4CC2-B5E7-4722503D8F76}"
EndProject
Project("{FAE04EC0-301F-11D3-BF4B-00C04F79EFBC}") = "Methoden", "Methoden\Methoden.csproj", "{F2AD7204-46E3-45D0-87C7-5533AE570F83}"
EndProject
Project("{FAE04EC0-301F-11D3-BF4B-00C04F79EFBC}") = "UT1", "UT1\UT1.csproj", "{926F484A-D09F-4EA9-9294-C355402DBF55}"
EndProject
Project("{FAE04EC0-301F-11D3-BF4B-00C04F79EFBC}") = "UT2", "UT2\UT2.csproj", "{07F5D35A-5064-43A8-B8BC-BDB8D32740FB}"
EndProject
Project("{FAE04EC0-301F-11D3-BF4B-00C04F79EFBC}") = "BSP1", "BSP1\BSP1.csproj", "{BAAC0BEA-D0F9-43E7-864F-6A79E9E698F2}"
EndProject
Project("{FAE04EC0-301F-11D3-BF4B-00C04F79EFBC}") = "BSP2", "BSP2\BSP2.csproj", "{234F94D9-5E26-407A-805F-F6AFE62908F2}"
EndProject
Global
	GlobalSection(SolutionConfigurationPlatforms) = preSolution
		Debug|Any CPU = Debug|Any CPU
		Release|Any CPU = Release|Any CPU
	EndGlobalSection
	GlobalSection(ProjectConfigurationPlatforms) = postSolution
		{B3A81FC0-2E59-4CC2-B5E7-4722503D8F76}.Debug|Any CPU.ActiveCfg = Debug|Any CPU
		{B3A81FC0-2E59-4CC2-B5E7-4722503D8F76}.Debug|Any CPU.Build.0 = Debug|Any CPU
		{B3A81FC0-2E59-4CC2-B5E7-4722503D8F76}.Release|Any CPU.ActiveCfg = Release|Any CPU
		{B3A81FC0-2E59-4CC2-B5E7-4722503D8F76}.Release|Any CPU.Build.0 = Release|Any CPU
		{F2AD7204-46E3-45D0-87C7-5533AE570F83}.Debug|Any CPU.ActiveCfg = Debug|Any CPU
		{F2AD7204-46E3-45D0-87C7-5533AE570F83}.Debug|Any CPU.Build.0 = Debug|Any CPU
		{F2AD7204-46E3-45D0-87C7-5533AE570F83}.Release|Any CPU.ActiveCfg = Release|Any CPU
		{F2AD7204-46E3-45D0-87C7-5533AE570F83}.Release|Any CPU.Build.0 = Release|Any CPU
		{926F484A-D09F-4EA9-9294-C355402DBF55}.Debug|Any CPU.ActiveCfg = Debug|Any CPU
		{926F484A-D09F-4EA9-9294-C355402DBF55}.Debug|Any CPU.Build.0 = Debug|Any CPU
		{926F484A-D09F-4EA9-9294-C355402DBF55}.Release|Any CPU.ActiveCfg = Release|Any CPU
		{926F484A-D09F-4EA9-9294-C355402DBF55}.Release|Any CPU.Build.0 = Release|Any CPU
		{07F5D35A-5064-43A8-B8BC-BDB8D32740FB}.Debug|Any CPU.ActiveCfg = Debug|Any CPU
		{07F5D35A-5064-43A8-B8BC-BDB8D32740FB}.Debug|Any CPU.Build.0 = Debug|Any CPU
		{07F5D35A-5064-43A8-B8BC-BDB8D32740FB}.Release|Any CPU.ActiveCfg = Release|Any CPU
		{07F5D35A-5064-43A8-B8BC-BDB8D32740FB}.Release|Any CPU.Build.0 = Release|Any CPU
		{BAAC0BEA-D0F9-43E7-864F-6A79E9E698F2}.Debug|Any CPU.ActiveCfg = Debug|Any CPU
		{BAAC0BEA-D0F9-43E7-864F-6A79E9E698F2}.Debug|Any CPU.Build.0 = Debug|Any CPU
		{BAAC0BEA-D0F9-43E7-864F-6A79E9E698F2}.Release|Any CPU.ActiveCfg = Release|Any CPU
		{BAAC0BEA-D0F9-43E7-864F-6A79E9E698F2}.Release|Any CPU.Build.0 = Release|Any CPU
		{234F94D9-5E26-407A-805F-F6AFE62908F2}.Debug|Any CPU.ActiveCfg = Debug|Any CPU
		{234F94D9-5E26-407A-805F-F6AFE62908F2}.Debug|Any CPU.Build.0 = Debug|Any CPU
		{234F94D9-5E26-407A-805F-F6AFE62908F2}.Release|Any CPU.ActiveCfg = Release|Any CPU
		{234F94D9-5E26-407A-805F-F6AFE62908F2}.Release|Any CPU.Build.0 = Release|Any CPU
	EndGlobalSection
	GlobalSection(SolutionProperties) = preSolution
		HideSolutionNode = FALSE
	EndGlobalSection
	GlobalSection(NestedProjects) = preSolution
		{B3A81FC0-2E59-4CC2-B5E7-4722503D8F76} = {DEE3E08F-B1CF-494F-ACCE-3942EAF7BDE3}
		{F2AD7204-46E3-45D0-87C7-5533AE570F83} = {862EDB32-D50E-46D5-9C77-014686C9B5AA}
		{926F484A-D09F-4EA9-9294-C355402DBF55} = {6417BD56-8346-407D-BEB0-8EAC0BBCD1BA}
		{07F5D35A-5064-43A8-B8BC-BDB8D32740FB} = {6417BD56-8346-407D-BEB0-8EAC0BBCD1BA}
		{BAAC0BEA-D0F9-43E7-864F-6A79E9E698F2} = {B42AE440-E184-410C-946A-97B0A436C7D8}
		{234F94D9-5E26-407A-805F-F6AFE62908F2} = {B42AE440-E184-410C-946A-97B0A436C7D8}
	EndGlobalSection
EndGlobal
