
Microsoft Visual Studio Solution File, Format Version 12.00
# Visual Studio 14
VisualStudioVersion = 14.0.24720.0
MinimumVisualStudioVersion = 10.0.40219.1
Project("{2150E333-8FDC-42A3-9474-1A3956D46DE8}") = "Aufgaben", "Aufgaben", "{89160C6C-C51C-4A6D-8DAC-DAB2C172775D}"
EndProject
Project("{2150E333-8FDC-42A3-9474-1A3956D46DE8}") = "Tests", "Tests", "{8699CCC2-8814-4AC5-B061-B7DAEEF7C6FF}"
EndProject
Project("{2150E333-8FDC-42A3-9474-1A3956D46DE8}") = "TestSuite", "TestSuite", "{47A5B183-9E2E-4CAB-A39A-C4160E1F49F0}"
EndProject
Project("{FAE04EC0-301F-11D3-BF4B-00C04F79EFBC}") = "TestSuite", "002_LZK\TestSuite\TestSuite.csproj", "{B3A81FC0-2E59-4CC2-B5E7-4722503D8F76}"
EndProject
Project("{FAE04EC0-301F-11D3-BF4B-00C04F79EFBC}") = "BL_pundt", "BL_pundt\BL_pundt.csproj", "{3A89819C-B0B0-451B-A988-4FFA45BE4141}"
EndProject
Project("{FAE04EC0-301F-11D3-BF4B-00C04F79EFBC}") = "BL_LZK", "BL_LZK\BL_LZK.csproj", "{583F6954-C695-4A59-965E-FFC171D9FB0E}"
EndProject
Project("{FAE04EC0-301F-11D3-BF4B-00C04F79EFBC}") = "UI_LZK", "UI_LZK\UI_LZK.csproj", "{D231C7E2-8B7D-45FA-A1E2-9CFE5D961608}"
EndProject
Project("{FAE04EC0-301F-11D3-BF4B-00C04F79EFBC}") = "UT_LZK", "UT_LZK\UT_LZK.csproj", "{813C468F-7F82-494A-A7AA-452A6EAE4043}"
EndProject
Global
	GlobalSection(SolutionConfigurationPlatforms) = preSolution
		Debug|Any CPU = Debug|Any CPU
		Release|Any CPU = Release|Any CPU
	EndGlobalSection
	GlobalSection(ProjectConfigurationPlatforms) = postSolution
		{B3A81FC0-2E59-4CC2-B5E7-4722503D8F76}.Debug|Any CPU.ActiveCfg = Debug|Any CPU
		{B3A81FC0-2E59-4CC2-B5E7-4722503D8F76}.Debug|Any CPU.Build.0 = Debug|Any CPU
		{B3A81FC0-2E59-4CC2-B5E7-4722503D8F76}.Release|Any CPU.ActiveCfg = Release|Any CPU
		{B3A81FC0-2E59-4CC2-B5E7-4722503D8F76}.Release|Any CPU.Build.0 = Release|Any CPU
		{3A89819C-B0B0-451B-A988-4FFA45BE4141}.Debug|Any CPU.ActiveCfg = Debug|Any CPU
		{3A89819C-B0B0-451B-A988-4FFA45BE4141}.Debug|Any CPU.Build.0 = Debug|Any CPU
		{3A89819C-B0B0-451B-A988-4FFA45BE4141}.Release|Any CPU.ActiveCfg = Release|Any CPU
		{3A89819C-B0B0-451B-A988-4FFA45BE4141}.Release|Any CPU.Build.0 = Release|Any CPU
		{583F6954-C695-4A59-965E-FFC171D9FB0E}.Debug|Any CPU.ActiveCfg = Debug|Any CPU
		{583F6954-C695-4A59-965E-FFC171D9FB0E}.Debug|Any CPU.Build.0 = Debug|Any CPU
		{583F6954-C695-4A59-965E-FFC171D9FB0E}.Release|Any CPU.ActiveCfg = Release|Any CPU
		{583F6954-C695-4A59-965E-FFC171D9FB0E}.Release|Any CPU.Build.0 = Release|Any CPU
		{D231C7E2-8B7D-45FA-A1E2-9CFE5D961608}.Debug|Any CPU.ActiveCfg = Debug|Any CPU
		{D231C7E2-8B7D-45FA-A1E2-9CFE5D961608}.Debug|Any CPU.Build.0 = Debug|Any CPU
		{D231C7E2-8B7D-45FA-A1E2-9CFE5D961608}.Release|Any CPU.ActiveCfg = Release|Any CPU
		{D231C7E2-8B7D-45FA-A1E2-9CFE5D961608}.Release|Any CPU.Build.0 = Release|Any CPU
		{813C468F-7F82-494A-A7AA-452A6EAE4043}.Debug|Any CPU.ActiveCfg = Debug|Any CPU
		{813C468F-7F82-494A-A7AA-452A6EAE4043}.Debug|Any CPU.Build.0 = Debug|Any CPU
		{813C468F-7F82-494A-A7AA-452A6EAE4043}.Release|Any CPU.ActiveCfg = Release|Any CPU
		{813C468F-7F82-494A-A7AA-452A6EAE4043}.Release|Any CPU.Build.0 = Release|Any CPU
	EndGlobalSection
	GlobalSection(SolutionProperties) = preSolution
		HideSolutionNode = FALSE
	EndGlobalSection
	GlobalSection(NestedProjects) = preSolution
		{B3A81FC0-2E59-4CC2-B5E7-4722503D8F76} = {47A5B183-9E2E-4CAB-A39A-C4160E1F49F0}
		{3A89819C-B0B0-451B-A988-4FFA45BE4141} = {89160C6C-C51C-4A6D-8DAC-DAB2C172775D}
		{583F6954-C695-4A59-965E-FFC171D9FB0E} = {89160C6C-C51C-4A6D-8DAC-DAB2C172775D}
		{D231C7E2-8B7D-45FA-A1E2-9CFE5D961608} = {89160C6C-C51C-4A6D-8DAC-DAB2C172775D}
		{813C468F-7F82-494A-A7AA-452A6EAE4043} = {8699CCC2-8814-4AC5-B061-B7DAEEF7C6FF}
	EndGlobalSection
EndGlobal
