
Microsoft Visual Studio Solution File, Format Version 12.00
# Visual Studio 14
VisualStudioVersion = 14.0.24720.0
MinimumVisualStudioVersion = 10.0.40219.1
Project("{2150E333-8FDC-42A3-9474-1A3956D46DE8}") = "Beispiele", "Beispiele", "{C56F0E1F-CAF8-47B9-9FD3-B8AFCD3416F8}"
EndProject
Project("{2150E333-8FDC-42A3-9474-1A3956D46DE8}") = "Lektionen", "Lektionen", "{A501B557-E0B7-4BCC-B121-14BFFA03DD75}"
EndProject
Project("{2150E333-8FDC-42A3-9474-1A3956D46DE8}") = "Tests", "Tests", "{8968E603-DDDB-43CD-A595-5A83A82B2047}"
EndProject
Project("{2150E333-8FDC-42A3-9474-1A3956D46DE8}") = "TestSuite", "TestSuite", "{ED2C78DA-34EB-47E0-8751-2CD911F9C50F}"
EndProject
Project("{FAE04EC0-301F-11D3-BF4B-00C04F79EFBC}") = "Verzweigungen", "Verzweigungen\Verzweigungen.csproj", "{7F333FDC-EDC3-46DA-8C58-C9BC87B06719}"
EndProject
Project("{FAE04EC0-301F-11D3-BF4B-00C04F79EFBC}") = "Schleifen", "Schleifen\Schleifen.csproj", "{94B3DA74-0D00-40C0-8631-549F23CE4672}"
EndProject
Project("{FAE04EC0-301F-11D3-BF4B-00C04F79EFBC}") = "UT1", "UT1\UT1.csproj", "{36D79F44-BF22-4D61-91B0-9A0859AF275C}"
EndProject
Project("{FAE04EC0-301F-11D3-BF4B-00C04F79EFBC}") = "UT2", "UT2\UT2.csproj", "{EA3C5E09-7756-4DAB-BACA-B75F56C92FFF}"
EndProject
Project("{FAE04EC0-301F-11D3-BF4B-00C04F79EFBC}") = "BSP1", "BSP1\BSP1.csproj", "{E730EA4D-1558-4324-BB09-6C370C82FA5E}"
EndProject
Project("{FAE04EC0-301F-11D3-BF4B-00C04F79EFBC}") = "BSP2", "BSP2\BSP2.csproj", "{8FDFD770-2396-488C-9BB2-92FC1AB69ABA}"
EndProject
Project("{FAE04EC0-301F-11D3-BF4B-00C04F79EFBC}") = "TestSuite", "TestSuite\TestSuite.csproj", "{B3A81FC0-2E59-4CC2-B5E7-4722503D8F76}"
EndProject
Project("{FAE04EC0-301F-11D3-BF4B-00C04F79EFBC}") = "LZK", "LZK\LZK.csproj", "{F04DF792-E5F7-4BC0-B83C-7342153143E8}"
EndProject
Project("{FAE04EC0-301F-11D3-BF4B-00C04F79EFBC}") = "UT_LZK", "UT_LZK\UT_LZK.csproj", "{9A8CCB81-ACF4-49C6-9732-E3342CC05A98}"
EndProject
Global
	GlobalSection(SolutionConfigurationPlatforms) = preSolution
		Debug|Any CPU = Debug|Any CPU
		Release|Any CPU = Release|Any CPU
	EndGlobalSection
	GlobalSection(ProjectConfigurationPlatforms) = postSolution
		{7F333FDC-EDC3-46DA-8C58-C9BC87B06719}.Debug|Any CPU.ActiveCfg = Debug|Any CPU
		{7F333FDC-EDC3-46DA-8C58-C9BC87B06719}.Debug|Any CPU.Build.0 = Debug|Any CPU
		{7F333FDC-EDC3-46DA-8C58-C9BC87B06719}.Release|Any CPU.ActiveCfg = Release|Any CPU
		{7F333FDC-EDC3-46DA-8C58-C9BC87B06719}.Release|Any CPU.Build.0 = Release|Any CPU
		{94B3DA74-0D00-40C0-8631-549F23CE4672}.Debug|Any CPU.ActiveCfg = Debug|Any CPU
		{94B3DA74-0D00-40C0-8631-549F23CE4672}.Debug|Any CPU.Build.0 = Debug|Any CPU
		{94B3DA74-0D00-40C0-8631-549F23CE4672}.Release|Any CPU.ActiveCfg = Release|Any CPU
		{94B3DA74-0D00-40C0-8631-549F23CE4672}.Release|Any CPU.Build.0 = Release|Any CPU
		{36D79F44-BF22-4D61-91B0-9A0859AF275C}.Debug|Any CPU.ActiveCfg = Debug|Any CPU
		{36D79F44-BF22-4D61-91B0-9A0859AF275C}.Debug|Any CPU.Build.0 = Debug|Any CPU
		{36D79F44-BF22-4D61-91B0-9A0859AF275C}.Release|Any CPU.ActiveCfg = Release|Any CPU
		{36D79F44-BF22-4D61-91B0-9A0859AF275C}.Release|Any CPU.Build.0 = Release|Any CPU
		{EA3C5E09-7756-4DAB-BACA-B75F56C92FFF}.Debug|Any CPU.ActiveCfg = Debug|Any CPU
		{EA3C5E09-7756-4DAB-BACA-B75F56C92FFF}.Debug|Any CPU.Build.0 = Debug|Any CPU
		{EA3C5E09-7756-4DAB-BACA-B75F56C92FFF}.Release|Any CPU.ActiveCfg = Release|Any CPU
		{EA3C5E09-7756-4DAB-BACA-B75F56C92FFF}.Release|Any CPU.Build.0 = Release|Any CPU
		{E730EA4D-1558-4324-BB09-6C370C82FA5E}.Debug|Any CPU.ActiveCfg = Debug|Any CPU
		{E730EA4D-1558-4324-BB09-6C370C82FA5E}.Debug|Any CPU.Build.0 = Debug|Any CPU
		{E730EA4D-1558-4324-BB09-6C370C82FA5E}.Release|Any CPU.ActiveCfg = Release|Any CPU
		{E730EA4D-1558-4324-BB09-6C370C82FA5E}.Release|Any CPU.Build.0 = Release|Any CPU
		{8FDFD770-2396-488C-9BB2-92FC1AB69ABA}.Debug|Any CPU.ActiveCfg = Debug|Any CPU
		{8FDFD770-2396-488C-9BB2-92FC1AB69ABA}.Debug|Any CPU.Build.0 = Debug|Any CPU
		{8FDFD770-2396-488C-9BB2-92FC1AB69ABA}.Release|Any CPU.ActiveCfg = Release|Any CPU
		{8FDFD770-2396-488C-9BB2-92FC1AB69ABA}.Release|Any CPU.Build.0 = Release|Any CPU
		{B3A81FC0-2E59-4CC2-B5E7-4722503D8F76}.Debug|Any CPU.ActiveCfg = Debug|Any CPU
		{B3A81FC0-2E59-4CC2-B5E7-4722503D8F76}.Debug|Any CPU.Build.0 = Debug|Any CPU
		{B3A81FC0-2E59-4CC2-B5E7-4722503D8F76}.Release|Any CPU.ActiveCfg = Release|Any CPU
		{B3A81FC0-2E59-4CC2-B5E7-4722503D8F76}.Release|Any CPU.Build.0 = Release|Any CPU
		{F04DF792-E5F7-4BC0-B83C-7342153143E8}.Debug|Any CPU.ActiveCfg = Debug|Any CPU
		{F04DF792-E5F7-4BC0-B83C-7342153143E8}.Debug|Any CPU.Build.0 = Debug|Any CPU
		{F04DF792-E5F7-4BC0-B83C-7342153143E8}.Release|Any CPU.ActiveCfg = Release|Any CPU
		{F04DF792-E5F7-4BC0-B83C-7342153143E8}.Release|Any CPU.Build.0 = Release|Any CPU
		{9A8CCB81-ACF4-49C6-9732-E3342CC05A98}.Debug|Any CPU.ActiveCfg = Debug|Any CPU
		{9A8CCB81-ACF4-49C6-9732-E3342CC05A98}.Debug|Any CPU.Build.0 = Debug|Any CPU
		{9A8CCB81-ACF4-49C6-9732-E3342CC05A98}.Release|Any CPU.ActiveCfg = Release|Any CPU
		{9A8CCB81-ACF4-49C6-9732-E3342CC05A98}.Release|Any CPU.Build.0 = Release|Any CPU
	EndGlobalSection
	GlobalSection(SolutionProperties) = preSolution
		HideSolutionNode = FALSE
	EndGlobalSection
	GlobalSection(NestedProjects) = preSolution
		{7F333FDC-EDC3-46DA-8C58-C9BC87B06719} = {A501B557-E0B7-4BCC-B121-14BFFA03DD75}
		{94B3DA74-0D00-40C0-8631-549F23CE4672} = {A501B557-E0B7-4BCC-B121-14BFFA03DD75}
		{36D79F44-BF22-4D61-91B0-9A0859AF275C} = {8968E603-DDDB-43CD-A595-5A83A82B2047}
		{EA3C5E09-7756-4DAB-BACA-B75F56C92FFF} = {8968E603-DDDB-43CD-A595-5A83A82B2047}
		{E730EA4D-1558-4324-BB09-6C370C82FA5E} = {C56F0E1F-CAF8-47B9-9FD3-B8AFCD3416F8}
		{8FDFD770-2396-488C-9BB2-92FC1AB69ABA} = {C56F0E1F-CAF8-47B9-9FD3-B8AFCD3416F8}
		{B3A81FC0-2E59-4CC2-B5E7-4722503D8F76} = {ED2C78DA-34EB-47E0-8751-2CD911F9C50F}
		{F04DF792-E5F7-4BC0-B83C-7342153143E8} = {C56F0E1F-CAF8-47B9-9FD3-B8AFCD3416F8}
		{9A8CCB81-ACF4-49C6-9732-E3342CC05A98} = {8968E603-DDDB-43CD-A595-5A83A82B2047}
	EndGlobalSection
EndGlobal
