
Microsoft Visual Studio Solution File, Format Version 12.00
# Visual Studio 14
VisualStudioVersion = 14.0.23107.0
MinimumVisualStudioVersion = 10.0.40219.1
Project("{2150E333-8FDC-42A3-9474-1A3956D46DE8}") = "Beispiele", "Beispiele", "{EE4ED2C7-9A14-4421-ABB9-0BAC2DE15B68}"
EndProject
Project("{2150E333-8FDC-42A3-9474-1A3956D46DE8}") = "Lektionen", "Lektionen", "{1E7091B1-A3B7-436C-99BC-C280B8CE5FF4}"
EndProject
Project("{2150E333-8FDC-42A3-9474-1A3956D46DE8}") = "Tests", "Tests", "{F13A621F-DD29-4076-8C80-CCF5E7F5E049}"
EndProject
Project("{FAE04EC0-301F-11D3-BF4B-00C04F79EFBC}") = "Grundlagen", "Grundlagen\Grundlagen.csproj", "{22AD1069-3739-4CA7-9D61-1D3860475550}"
EndProject
Project("{FAE04EC0-301F-11D3-BF4B-00C04F79EFBC}") = "Datentypen", "Datentypen\Datentypen.csproj", "{DBC223AF-C49E-45AF-BEC7-46436FA0173F}"
EndProject
Project("{FAE04EC0-301F-11D3-BF4B-00C04F79EFBC}") = "UT1", "UT1\UT1.csproj", "{F576FE67-52B9-49C6-82FE-A60758137241}"
EndProject
Project("{FAE04EC0-301F-11D3-BF4B-00C04F79EFBC}") = "UT2", "UT2\UT2.csproj", "{58CFA1CC-E6F5-413A-B283-4BD92916D71D}"
EndProject
Project("{FAE04EC0-301F-11D3-BF4B-00C04F79EFBC}") = "BSP1", "BSP1\BSP1.csproj", "{24631AF4-F8AE-40B2-A7C4-241531FE8CA6}"
EndProject
Project("{FAE04EC0-301F-11D3-BF4B-00C04F79EFBC}") = "BSP2", "BSP2\BSP2.csproj", "{D68FD431-89AF-465B-A2D9-32FED575C1CF}"
EndProject
Project("{2150E333-8FDC-42A3-9474-1A3956D46DE8}") = "TestSuite", "TestSuite", "{0ACCC16F-4D0A-4E19-9FCE-7A704F3A430A}"
EndProject
Project("{FAE04EC0-301F-11D3-BF4B-00C04F79EFBC}") = "TestSuite", "TestSuite\TestSuite.csproj", "{B3A81FC0-2E59-4CC2-B5E7-4722503D8F76}"
EndProject
Global
	GlobalSection(SolutionConfigurationPlatforms) = preSolution
		Debug|Any CPU = Debug|Any CPU
		Release|Any CPU = Release|Any CPU
	EndGlobalSection
	GlobalSection(ProjectConfigurationPlatforms) = postSolution
		{22AD1069-3739-4CA7-9D61-1D3860475550}.Debug|Any CPU.ActiveCfg = Debug|Any CPU
		{22AD1069-3739-4CA7-9D61-1D3860475550}.Debug|Any CPU.Build.0 = Debug|Any CPU
		{22AD1069-3739-4CA7-9D61-1D3860475550}.Release|Any CPU.ActiveCfg = Release|Any CPU
		{22AD1069-3739-4CA7-9D61-1D3860475550}.Release|Any CPU.Build.0 = Release|Any CPU
		{DBC223AF-C49E-45AF-BEC7-46436FA0173F}.Debug|Any CPU.ActiveCfg = Debug|Any CPU
		{DBC223AF-C49E-45AF-BEC7-46436FA0173F}.Debug|Any CPU.Build.0 = Debug|Any CPU
		{DBC223AF-C49E-45AF-BEC7-46436FA0173F}.Release|Any CPU.ActiveCfg = Release|Any CPU
		{DBC223AF-C49E-45AF-BEC7-46436FA0173F}.Release|Any CPU.Build.0 = Release|Any CPU
		{F576FE67-52B9-49C6-82FE-A60758137241}.Debug|Any CPU.ActiveCfg = Debug|Any CPU
		{F576FE67-52B9-49C6-82FE-A60758137241}.Debug|Any CPU.Build.0 = Debug|Any CPU
		{F576FE67-52B9-49C6-82FE-A60758137241}.Release|Any CPU.ActiveCfg = Release|Any CPU
		{F576FE67-52B9-49C6-82FE-A60758137241}.Release|Any CPU.Build.0 = Release|Any CPU
		{58CFA1CC-E6F5-413A-B283-4BD92916D71D}.Debug|Any CPU.ActiveCfg = Debug|Any CPU
		{58CFA1CC-E6F5-413A-B283-4BD92916D71D}.Debug|Any CPU.Build.0 = Debug|Any CPU
		{58CFA1CC-E6F5-413A-B283-4BD92916D71D}.Release|Any CPU.ActiveCfg = Release|Any CPU
		{58CFA1CC-E6F5-413A-B283-4BD92916D71D}.Release|Any CPU.Build.0 = Release|Any CPU
		{24631AF4-F8AE-40B2-A7C4-241531FE8CA6}.Debug|Any CPU.ActiveCfg = Debug|Any CPU
		{24631AF4-F8AE-40B2-A7C4-241531FE8CA6}.Debug|Any CPU.Build.0 = Debug|Any CPU
		{24631AF4-F8AE-40B2-A7C4-241531FE8CA6}.Release|Any CPU.ActiveCfg = Release|Any CPU
		{24631AF4-F8AE-40B2-A7C4-241531FE8CA6}.Release|Any CPU.Build.0 = Release|Any CPU
		{D68FD431-89AF-465B-A2D9-32FED575C1CF}.Debug|Any CPU.ActiveCfg = Debug|Any CPU
		{D68FD431-89AF-465B-A2D9-32FED575C1CF}.Debug|Any CPU.Build.0 = Debug|Any CPU
		{D68FD431-89AF-465B-A2D9-32FED575C1CF}.Release|Any CPU.ActiveCfg = Release|Any CPU
		{D68FD431-89AF-465B-A2D9-32FED575C1CF}.Release|Any CPU.Build.0 = Release|Any CPU
		{B3A81FC0-2E59-4CC2-B5E7-4722503D8F76}.Debug|Any CPU.ActiveCfg = Debug|Any CPU
		{B3A81FC0-2E59-4CC2-B5E7-4722503D8F76}.Debug|Any CPU.Build.0 = Debug|Any CPU
		{B3A81FC0-2E59-4CC2-B5E7-4722503D8F76}.Release|Any CPU.ActiveCfg = Release|Any CPU
		{B3A81FC0-2E59-4CC2-B5E7-4722503D8F76}.Release|Any CPU.Build.0 = Release|Any CPU
	EndGlobalSection
	GlobalSection(SolutionProperties) = preSolution
		HideSolutionNode = FALSE
	EndGlobalSection
	GlobalSection(NestedProjects) = preSolution
		{22AD1069-3739-4CA7-9D61-1D3860475550} = {1E7091B1-A3B7-436C-99BC-C280B8CE5FF4}
		{DBC223AF-C49E-45AF-BEC7-46436FA0173F} = {1E7091B1-A3B7-436C-99BC-C280B8CE5FF4}
		{F576FE67-52B9-49C6-82FE-A60758137241} = {F13A621F-DD29-4076-8C80-CCF5E7F5E049}
		{58CFA1CC-E6F5-413A-B283-4BD92916D71D} = {F13A621F-DD29-4076-8C80-CCF5E7F5E049}
		{24631AF4-F8AE-40B2-A7C4-241531FE8CA6} = {EE4ED2C7-9A14-4421-ABB9-0BAC2DE15B68}
		{D68FD431-89AF-465B-A2D9-32FED575C1CF} = {EE4ED2C7-9A14-4421-ABB9-0BAC2DE15B68}
		{B3A81FC0-2E59-4CC2-B5E7-4722503D8F76} = {0ACCC16F-4D0A-4E19-9FCE-7A704F3A430A}
	EndGlobalSection
EndGlobal
